// !$*UTF8*$!
{
	archiveVersion = 1;
	classes = {
	};
	objectVersion = 46;
	objects = {

/* Begin PBXBuildFile section */
		2B567358215A7B1400295E06 /* MRCoreDataController.m in Sources */ = {isa = PBXBuildFile; fileRef = 2B567357215A7B1400295E06 /* MRCoreDataController.m */; };
		2B97D67C2164702A007346AE /* TJDataModel.xcdatamodeld in Sources */ = {isa = PBXBuildFile; fileRef = 2BB49745216384CF00F45B7B /* TJDataModel.xcdatamodeld */; };
		2B97D68121647BBA007346AE /* MRCoreDataClient.m in Sources */ = {isa = PBXBuildFile; fileRef = 2B97D68021647BBA007346AE /* MRCoreDataClient.m */; };
		2BAAF0F121416C5000008BBA /* PersonModel.m in Sources */ = {isa = PBXBuildFile; fileRef = 2BAAF0ED21416C5000008BBA /* PersonModel.m */; };
		2BAAF0F221416C5000008BBA /* PersonInfoModel.m in Sources */ = {isa = PBXBuildFile; fileRef = 2BAAF0EF21416C5000008BBA /* PersonInfoModel.m */; };
		2BAEE82F2167161000EA6FDD /* People.m in Sources */ = {isa = PBXBuildFile; fileRef = 2BAEE82B2167161000EA6FDD /* People.m */; };
		2BAEE8302167161000EA6FDD /* Car.m in Sources */ = {isa = PBXBuildFile; fileRef = 2BAEE82C2167161000EA6FDD /* Car.m */; };
		2BAEE8312167161000EA6FDD /* Pet.m in Sources */ = {isa = PBXBuildFile; fileRef = 2BAEE82E2167161000EA6FDD /* Pet.m */; };
		2BB4977A21639D8F00F45B7B /* PersonEntity+CoreDataClass.m in Sources */ = {isa = PBXBuildFile; fileRef = 2BB4977221639D8F00F45B7B /* PersonEntity+CoreDataClass.m */; };
		2BB4977B21639D8F00F45B7B /* PersonEntity+CoreDataProperties.m in Sources */ = {isa = PBXBuildFile; fileRef = 2BB4977321639D8F00F45B7B /* PersonEntity+CoreDataProperties.m */; };
		2BB497832163A74A00F45B7B /* PersonInfoEntity+CoreDataClass.m in Sources */ = {isa = PBXBuildFile; fileRef = 2BB497812163A74A00F45B7B /* PersonInfoEntity+CoreDataClass.m */; };
		2BB497842163A74A00F45B7B /* PersonInfoEntity+CoreDataProperties.m in Sources */ = {isa = PBXBuildFile; fileRef = 2BB497822163A74A00F45B7B /* PersonInfoEntity+CoreDataProperties.m */; };
		2BBB573F2142C3E200754515 /* PINCacheDemoController.m in Sources */ = {isa = PBXBuildFile; fileRef = 2BBB573E2142C3E200754515 /* PINCacheDemoController.m */; };
		2BBB57422142C4C800754515 /* PINCacheDemoManager.m in Sources */ = {isa = PBXBuildFile; fileRef = 2BBB57412142C4C800754515 /* PINCacheDemoManager.m */; };
		2BCAF9E321662AF4008F249D /* FMDBController.m in Sources */ = {isa = PBXBuildFile; fileRef = 2BCAF9E221662AF4008F249D /* FMDBController.m */; };
		2BCAF9E621662FB7008F249D /* FMDBClient.m in Sources */ = {isa = PBXBuildFile; fileRef = 2BCAF9E521662FB7008F249D /* FMDBClient.m */; };
		2BDB77F221421BD600F3A537 /* YYCacheDemoController.m in Sources */ = {isa = PBXBuildFile; fileRef = 2BDB77F121421BD600F3A537 /* YYCacheDemoController.m */; };
		2BDE7B21215891A600E27F78 /* YYCacheClient.m in Sources */ = {isa = PBXBuildFile; fileRef = 2BDE7B20215891A600E27F78 /* YYCacheClient.m */; };
		A80BF6BB1D816D9C00808C9B /* TJKeyedArchive.m in Sources */ = {isa = PBXBuildFile; fileRef = A80BF6BA1D816D9C00808C9B /* TJKeyedArchive.m */; };
		A85E56D81D82B43900273310 /* TJExampleViewController.m in Sources */ = {isa = PBXBuildFile; fileRef = A85E56D71D82B43900273310 /* TJExampleViewController.m */; };
		A88FC4791D8167EC004D74FE /* main.m in Sources */ = {isa = PBXBuildFile; fileRef = A88FC4781D8167EC004D74FE /* main.m */; };
		A88FC47C1D8167EC004D74FE /* AppDelegate.m in Sources */ = {isa = PBXBuildFile; fileRef = A88FC47B1D8167EC004D74FE /* AppDelegate.m */; };
		A88FC4821D8167EC004D74FE /* Main.storyboard in Resources */ = {isa = PBXBuildFile; fileRef = A88FC4801D8167EC004D74FE /* Main.storyboard */; };
		A88FC4841D8167EC004D74FE /* Assets.xcassets in Resources */ = {isa = PBXBuildFile; fileRef = A88FC4831D8167EC004D74FE /* Assets.xcassets */; };
		A88FC4871D8167EC004D74FE /* LaunchScreen.storyboard in Resources */ = {isa = PBXBuildFile; fileRef = A88FC4851D8167EC004D74FE /* LaunchScreen.storyboard */; };
		A88FC4941D8167FD004D74FE /* TJUserDefaults.m in Sources */ = {isa = PBXBuildFile; fileRef = A88FC48F1D8167FD004D74FE /* TJUserDefaults.m */; };
		A88FC49A1D816812004D74FE /* TJCache.m in Sources */ = {isa = PBXBuildFile; fileRef = A88FC4991D816812004D74FE /* TJCache.m */; };
		A8C748C61D87D0BF00B5F947 /* TJNetworkCache.m in Sources */ = {isa = PBXBuildFile; fileRef = A8C748C51D87D0BF00B5F947 /* TJNetworkCache.m */; };
		A8D11B7A1D9B9B5700439B9E /* TJKeychain.m in Sources */ = {isa = PBXBuildFile; fileRef = A8D11B791D9B9B5700439B9E /* TJKeychain.m */; };
		A8D64A681D98C5750001CB63 /* TJFileManager.m in Sources */ = {isa = PBXBuildFile; fileRef = A8D64A671D98C5750001CB63 /* TJFileManager.m */; };
		B54A71D6E5C56A1E07F7ABA3 /* libPods-TJCache.a in Frameworks */ = {isa = PBXBuildFile; fileRef = ED2133A1E74CEA93E02C9B68 /* libPods-TJCache.a */; };
/* End PBXBuildFile section */

/* Begin PBXFileReference section */
		2B567356215A7B1400295E06 /* MRCoreDataController.h */ = {isa = PBXFileReference; lastKnownFileType = sourcecode.c.h; path = MRCoreDataController.h; sourceTree = "<group>"; };
		2B567357215A7B1400295E06 /* MRCoreDataController.m */ = {isa = PBXFileReference; lastKnownFileType = sourcecode.c.objc; path = MRCoreDataController.m; sourceTree = "<group>"; };
		2B97D67F21647BBA007346AE /* MRCoreDataClient.h */ = {isa = PBXFileReference; lastKnownFileType = sourcecode.c.h; path = MRCoreDataClient.h; sourceTree = "<group>"; };
		2B97D68021647BBA007346AE /* MRCoreDataClient.m */ = {isa = PBXFileReference; lastKnownFileType = sourcecode.c.objc; path = MRCoreDataClient.m; sourceTree = "<group>"; };
		2BAAF0ED21416C5000008BBA /* PersonModel.m */ = {isa = PBXFileReference; fileEncoding = 4; lastKnownFileType = sourcecode.c.objc; path = PersonModel.m; sourceTree = "<group>"; };
		2BAAF0EE21416C5000008BBA /* PersonInfoModel.h */ = {isa = PBXFileReference; fileEncoding = 4; lastKnownFileType = sourcecode.c.h; path = PersonInfoModel.h; sourceTree = "<group>"; };
		2BAAF0EF21416C5000008BBA /* PersonInfoModel.m */ = {isa = PBXFileReference; fileEncoding = 4; lastKnownFileType = sourcecode.c.objc; path = PersonInfoModel.m; sourceTree = "<group>"; };
		2BAAF0F021416C5000008BBA /* PersonModel.h */ = {isa = PBXFileReference; fileEncoding = 4; lastKnownFileType = sourcecode.c.h; path = PersonModel.h; sourceTree = "<group>"; };
		2BAEE8292167160F00EA6FDD /* Car.h */ = {isa = PBXFileReference; fileEncoding = 4; lastKnownFileType = sourcecode.c.h; path = Car.h; sourceTree = "<group>"; };
		2BAEE82A2167161000EA6FDD /* People.h */ = {isa = PBXFileReference; fileEncoding = 4; lastKnownFileType = sourcecode.c.h; path = People.h; sourceTree = "<group>"; };
		2BAEE82B2167161000EA6FDD /* People.m */ = {isa = PBXFileReference; fileEncoding = 4; lastKnownFileType = sourcecode.c.objc; path = People.m; sourceTree = "<group>"; };
		2BAEE82C2167161000EA6FDD /* Car.m */ = {isa = PBXFileReference; fileEncoding = 4; lastKnownFileType = sourcecode.c.objc; path = Car.m; sourceTree = "<group>"; };
		2BAEE82D2167161000EA6FDD /* Pet.h */ = {isa = PBXFileReference; fileEncoding = 4; lastKnownFileType = sourcecode.c.h; path = Pet.h; sourceTree = "<group>"; };
		2BAEE82E2167161000EA6FDD /* Pet.m */ = {isa = PBXFileReference; fileEncoding = 4; lastKnownFileType = sourcecode.c.objc; path = Pet.m; sourceTree = "<group>"; };
		2BB49744216382B300F45B7B /* TJCache-Bridging-Header.h */ = {isa = PBXFileReference; fileEncoding = 4; lastKnownFileType = sourcecode.c.h; path = "TJCache-Bridging-Header.h"; sourceTree = "<group>"; };
		2BB49746216384CF00F45B7B /* TJDataModel.xcdatamodel */ = {isa = PBXFileReference; lastKnownFileType = wrapper.xcdatamodel; path = TJDataModel.xcdatamodel; sourceTree = "<group>"; };
		2BB4977021639D8F00F45B7B /* PersonEntity+CoreDataProperties.h */ = {isa = PBXFileReference; lastKnownFileType = sourcecode.c.h; path = "PersonEntity+CoreDataProperties.h"; sourceTree = "<group>"; };
		2BB4977121639D8F00F45B7B /* PersonEntity+CoreDataClass.h */ = {isa = PBXFileReference; lastKnownFileType = sourcecode.c.h; path = "PersonEntity+CoreDataClass.h"; sourceTree = "<group>"; };
		2BB4977221639D8F00F45B7B /* PersonEntity+CoreDataClass.m */ = {isa = PBXFileReference; lastKnownFileType = sourcecode.c.objc; path = "PersonEntity+CoreDataClass.m"; sourceTree = "<group>"; };
		2BB4977321639D8F00F45B7B /* PersonEntity+CoreDataProperties.m */ = {isa = PBXFileReference; lastKnownFileType = sourcecode.c.objc; path = "PersonEntity+CoreDataProperties.m"; sourceTree = "<group>"; };
		2BB4977F2163A74A00F45B7B /* PersonInfoEntity+CoreDataProperties.h */ = {isa = PBXFileReference; lastKnownFileType = sourcecode.c.h; path = "PersonInfoEntity+CoreDataProperties.h"; sourceTree = "<group>"; };
		2BB497802163A74A00F45B7B /* PersonInfoEntity+CoreDataClass.h */ = {isa = PBXFileReference; lastKnownFileType = sourcecode.c.h; path = "PersonInfoEntity+CoreDataClass.h"; sourceTree = "<group>"; };
		2BB497812163A74A00F45B7B /* PersonInfoEntity+CoreDataClass.m */ = {isa = PBXFileReference; lastKnownFileType = sourcecode.c.objc; path = "PersonInfoEntity+CoreDataClass.m"; sourceTree = "<group>"; };
		2BB497822163A74A00F45B7B /* PersonInfoEntity+CoreDataProperties.m */ = {isa = PBXFileReference; lastKnownFileType = sourcecode.c.objc; path = "PersonInfoEntity+CoreDataProperties.m"; sourceTree = "<group>"; };
		2BBB573D2142C3E200754515 /* PINCacheDemoController.h */ = {isa = PBXFileReference; lastKnownFileType = sourcecode.c.h; path = PINCacheDemoController.h; sourceTree = "<group>"; };
		2BBB573E2142C3E200754515 /* PINCacheDemoController.m */ = {isa = PBXFileReference; lastKnownFileType = sourcecode.c.objc; path = PINCacheDemoController.m; sourceTree = "<group>"; };
		2BBB57402142C4C800754515 /* PINCacheDemoManager.h */ = {isa = PBXFileReference; lastKnownFileType = sourcecode.c.h; path = PINCacheDemoManager.h; sourceTree = "<group>"; };
		2BBB57412142C4C800754515 /* PINCacheDemoManager.m */ = {isa = PBXFileReference; lastKnownFileType = sourcecode.c.objc; path = PINCacheDemoManager.m; sourceTree = "<group>"; };
		2BCAF9E121662AF4008F249D /* FMDBController.h */ = {isa = PBXFileReference; lastKnownFileType = sourcecode.c.h; path = FMDBController.h; sourceTree = "<group>"; };
		2BCAF9E221662AF4008F249D /* FMDBController.m */ = {isa = PBXFileReference; lastKnownFileType = sourcecode.c.objc; path = FMDBController.m; sourceTree = "<group>"; };
		2BCAF9E421662FB7008F249D /* FMDBClient.h */ = {isa = PBXFileReference; lastKnownFileType = sourcecode.c.h; path = FMDBClient.h; sourceTree = "<group>"; };
		2BCAF9E521662FB7008F249D /* FMDBClient.m */ = {isa = PBXFileReference; lastKnownFileType = sourcecode.c.objc; path = FMDBClient.m; sourceTree = "<group>"; };
		2BDB77F021421BD600F3A537 /* YYCacheDemoController.h */ = {isa = PBXFileReference; lastKnownFileType = sourcecode.c.h; path = YYCacheDemoController.h; sourceTree = "<group>"; };
		2BDB77F121421BD600F3A537 /* YYCacheDemoController.m */ = {isa = PBXFileReference; lastKnownFileType = sourcecode.c.objc; path = YYCacheDemoController.m; sourceTree = "<group>"; };
		2BDE7B1F215891A600E27F78 /* YYCacheClient.h */ = {isa = PBXFileReference; lastKnownFileType = sourcecode.c.h; path = YYCacheClient.h; sourceTree = "<group>"; };
		2BDE7B20215891A600E27F78 /* YYCacheClient.m */ = {isa = PBXFileReference; lastKnownFileType = sourcecode.c.objc; path = YYCacheClient.m; sourceTree = "<group>"; };
		45F256CCE312D3072CFE367F /* Pods-TJCache.release.xcconfig */ = {isa = PBXFileReference; includeInIndex = 1; lastKnownFileType = text.xcconfig; name = "Pods-TJCache.release.xcconfig"; path = "Pods/Target Support Files/Pods-TJCache/Pods-TJCache.release.xcconfig"; sourceTree = "<group>"; };
		4D01A2A035E500AA9A2FF6C7 /* Pods-TJCache.debug.xcconfig */ = {isa = PBXFileReference; includeInIndex = 1; lastKnownFileType = text.xcconfig; name = "Pods-TJCache.debug.xcconfig"; path = "Pods/Target Support Files/Pods-TJCache/Pods-TJCache.debug.xcconfig"; sourceTree = "<group>"; };
		A80BF6B91D816D9C00808C9B /* TJKeyedArchive.h */ = {isa = PBXFileReference; fileEncoding = 4; lastKnownFileType = sourcecode.c.h; path = TJKeyedArchive.h; sourceTree = "<group>"; };
		A80BF6BA1D816D9C00808C9B /* TJKeyedArchive.m */ = {isa = PBXFileReference; fileEncoding = 4; lastKnownFileType = sourcecode.c.objc; path = TJKeyedArchive.m; sourceTree = "<group>"; };
		A85E56D61D82B43900273310 /* TJExampleViewController.h */ = {isa = PBXFileReference; fileEncoding = 4; lastKnownFileType = sourcecode.c.h; path = TJExampleViewController.h; sourceTree = "<group>"; };
		A85E56D71D82B43900273310 /* TJExampleViewController.m */ = {isa = PBXFileReference; fileEncoding = 4; lastKnownFileType = sourcecode.c.objc; path = TJExampleViewController.m; sourceTree = "<group>"; };
		A88FC4741D8167EC004D74FE /* TJCache.app */ = {isa = PBXFileReference; explicitFileType = wrapper.application; includeInIndex = 0; path = TJCache.app; sourceTree = BUILT_PRODUCTS_DIR; };
		A88FC4781D8167EC004D74FE /* main.m */ = {isa = PBXFileReference; lastKnownFileType = sourcecode.c.objc; path = main.m; sourceTree = "<group>"; };
		A88FC47A1D8167EC004D74FE /* AppDelegate.h */ = {isa = PBXFileReference; lastKnownFileType = sourcecode.c.h; path = AppDelegate.h; sourceTree = "<group>"; };
		A88FC47B1D8167EC004D74FE /* AppDelegate.m */ = {isa = PBXFileReference; lastKnownFileType = sourcecode.c.objc; path = AppDelegate.m; sourceTree = "<group>"; };
		A88FC4811D8167EC004D74FE /* Base */ = {isa = PBXFileReference; lastKnownFileType = file.storyboard; name = Base; path = Base.lproj/Main.storyboard; sourceTree = "<group>"; };
		A88FC4831D8167EC004D74FE /* Assets.xcassets */ = {isa = PBXFileReference; lastKnownFileType = folder.assetcatalog; path = Assets.xcassets; sourceTree = "<group>"; };
		A88FC4861D8167EC004D74FE /* Base */ = {isa = PBXFileReference; lastKnownFileType = file.storyboard; name = Base; path = Base.lproj/LaunchScreen.storyboard; sourceTree = "<group>"; };
		A88FC4881D8167EC004D74FE /* Info.plist */ = {isa = PBXFileReference; lastKnownFileType = text.plist.xml; path = Info.plist; sourceTree = "<group>"; };
		A88FC48E1D8167FD004D74FE /* TJUserDefaults.h */ = {isa = PBXFileReference; fileEncoding = 4; lastKnownFileType = sourcecode.c.h; path = TJUserDefaults.h; sourceTree = "<group>"; };
		A88FC48F1D8167FD004D74FE /* TJUserDefaults.m */ = {isa = PBXFileReference; fileEncoding = 4; lastKnownFileType = sourcecode.c.objc; path = TJUserDefaults.m; sourceTree = "<group>"; };
		A88FC4981D816812004D74FE /* TJCache.h */ = {isa = PBXFileReference; fileEncoding = 4; lastKnownFileType = sourcecode.c.h; path = TJCache.h; sourceTree = "<group>"; };
		A88FC4991D816812004D74FE /* TJCache.m */ = {isa = PBXFileReference; fileEncoding = 4; lastKnownFileType = sourcecode.c.objc; path = TJCache.m; sourceTree = "<group>"; };
		A8C748C41D87D0BF00B5F947 /* TJNetworkCache.h */ = {isa = PBXFileReference; fileEncoding = 4; lastKnownFileType = sourcecode.c.h; path = TJNetworkCache.h; sourceTree = "<group>"; };
		A8C748C51D87D0BF00B5F947 /* TJNetworkCache.m */ = {isa = PBXFileReference; fileEncoding = 4; lastKnownFileType = sourcecode.c.objc; path = TJNetworkCache.m; sourceTree = "<group>"; };
		A8D11B781D9B9B5700439B9E /* TJKeychain.h */ = {isa = PBXFileReference; fileEncoding = 4; lastKnownFileType = sourcecode.c.h; path = TJKeychain.h; sourceTree = "<group>"; };
		A8D11B791D9B9B5700439B9E /* TJKeychain.m */ = {isa = PBXFileReference; fileEncoding = 4; lastKnownFileType = sourcecode.c.objc; path = TJKeychain.m; sourceTree = "<group>"; };
		A8D64A661D98C5750001CB63 /* TJFileManager.h */ = {isa = PBXFileReference; fileEncoding = 4; lastKnownFileType = sourcecode.c.h; path = TJFileManager.h; sourceTree = "<group>"; };
		A8D64A671D98C5750001CB63 /* TJFileManager.m */ = {isa = PBXFileReference; fileEncoding = 4; lastKnownFileType = sourcecode.c.objc; path = TJFileManager.m; sourceTree = "<group>"; };
		ED2133A1E74CEA93E02C9B68 /* libPods-TJCache.a */ = {isa = PBXFileReference; explicitFileType = archive.ar; includeInIndex = 0; path = "libPods-TJCache.a"; sourceTree = BUILT_PRODUCTS_DIR; };
/* End PBXFileReference section */

/* Begin PBXFrameworksBuildPhase section */
		A88FC4711D8167EC004D74FE /* Frameworks */ = {
			isa = PBXFrameworksBuildPhase;
			buildActionMask = 2147483647;
			files = (
				B54A71D6E5C56A1E07F7ABA3 /* libPods-TJCache.a in Frameworks */,
			);
			runOnlyForDeploymentPostprocessing = 0;
		};
/* End PBXFrameworksBuildPhase section */

/* Begin PBXGroup section */
		2B567365215A805600295E06 /* MRCoreDataClient */ = {
			isa = PBXGroup;
			children = (
				2BB4977E21639DB900F45B7B /* Models */,
				2BB49744216382B300F45B7B /* TJCache-Bridging-Header.h */,
				2B567356215A7B1400295E06 /* MRCoreDataController.h */,
				2B567357215A7B1400295E06 /* MRCoreDataController.m */,
				2B97D67F21647BBA007346AE /* MRCoreDataClient.h */,
				2B97D68021647BBA007346AE /* MRCoreDataClient.m */,
				2BB49745216384CF00F45B7B /* TJDataModel.xcdatamodeld */,
			);
			path = MRCoreDataClient;
			sourceTree = "<group>";
		};
		2BAAF0EB21416C0900008BBA /* YYCacheClient */ = {
			isa = PBXGroup;
			children = (
				2BDB77F021421BD600F3A537 /* YYCacheDemoController.h */,
				2BDB77F121421BD600F3A537 /* YYCacheDemoController.m */,
				2BDE7B1F215891A600E27F78 /* YYCacheClient.h */,
				2BDE7B20215891A600E27F78 /* YYCacheClient.m */,
			);
			name = YYCacheClient;
			sourceTree = "<group>";
		};
		2BAAF0EC21416C3200008BBA /* Model */ = {
			isa = PBXGroup;
			children = (
				2BAEE8292167160F00EA6FDD /* Car.h */,
				2BAEE82C2167161000EA6FDD /* Car.m */,
				2BAEE82A2167161000EA6FDD /* People.h */,
				2BAEE82B2167161000EA6FDD /* People.m */,
				2BAEE82D2167161000EA6FDD /* Pet.h */,
				2BAEE82E2167161000EA6FDD /* Pet.m */,
				2BAAF0EE21416C5000008BBA /* PersonInfoModel.h */,
				2BAAF0EF21416C5000008BBA /* PersonInfoModel.m */,
				2BAAF0F021416C5000008BBA /* PersonModel.h */,
				2BAAF0ED21416C5000008BBA /* PersonModel.m */,
			);
			name = Model;
			sourceTree = "<group>";
		};
		2BB4977E21639DB900F45B7B /* Models */ = {
			isa = PBXGroup;
			children = (
				2BB4977F2163A74A00F45B7B /* PersonInfoEntity+CoreDataProperties.h */,
				2BB497802163A74A00F45B7B /* PersonInfoEntity+CoreDataClass.h */,
				2BB497812163A74A00F45B7B /* PersonInfoEntity+CoreDataClass.m */,
				2BB497822163A74A00F45B7B /* PersonInfoEntity+CoreDataProperties.m */,
				2BB4977021639D8F00F45B7B /* PersonEntity+CoreDataProperties.h */,
				2BB4977321639D8F00F45B7B /* PersonEntity+CoreDataProperties.m */,
				2BB4977121639D8F00F45B7B /* PersonEntity+CoreDataClass.h */,
				2BB4977221639D8F00F45B7B /* PersonEntity+CoreDataClass.m */,
			);
			path = Models;
			sourceTree = "<group>";
		};
		2BBB573C2142C39E00754515 /* PINCacheClient */ = {
			isa = PBXGroup;
			children = (
				2BBB573D2142C3E200754515 /* PINCacheDemoController.h */,
				2BBB573E2142C3E200754515 /* PINCacheDemoController.m */,
				2BBB57402142C4C800754515 /* PINCacheDemoManager.h */,
				2BBB57412142C4C800754515 /* PINCacheDemoManager.m */,
			);
			name = PINCacheClient;
			sourceTree = "<group>";
		};
		6AD1AF5AD5F81E4991A82494 /* Pods */ = {
			isa = PBXGroup;
			children = (
				4D01A2A035E500AA9A2FF6C7 /* Pods-TJCache.debug.xcconfig */,
				45F256CCE312D3072CFE367F /* Pods-TJCache.release.xcconfig */,
			);
			name = Pods;
			sourceTree = "<group>";
		};
		6C30F718962883661496FB61 /* Frameworks */ = {
			isa = PBXGroup;
			children = (
				ED2133A1E74CEA93E02C9B68 /* libPods-TJCache.a */,
			);
			name = Frameworks;
			sourceTree = "<group>";
		};
		A85E56D51D82B28700273310 /* TJFMDBClient */ = {
			isa = PBXGroup;
			children = (
				2BCAF9E121662AF4008F249D /* FMDBController.h */,
				2BCAF9E221662AF4008F249D /* FMDBController.m */,
				2BCAF9E421662FB7008F249D /* FMDBClient.h */,
				2BCAF9E521662FB7008F249D /* FMDBClient.m */,
			);
			name = TJFMDBClient;
			sourceTree = "<group>";
		};
		A88FC46B1D8167EC004D74FE = {
			isa = PBXGroup;
			children = (
				A88FC4761D8167EC004D74FE /* TJCache */,
				A88FC4751D8167EC004D74FE /* Products */,
				6AD1AF5AD5F81E4991A82494 /* Pods */,
				6C30F718962883661496FB61 /* Frameworks */,
			);
			sourceTree = "<group>";
		};
		A88FC4751D8167EC004D74FE /* Products */ = {
			isa = PBXGroup;
			children = (
				A88FC4741D8167EC004D74FE /* TJCache.app */,
			);
			name = Products;
			sourceTree = "<group>";
		};
		A88FC4761D8167EC004D74FE /* TJCache */ = {
			isa = PBXGroup;
			children = (
				2BAAF0EC21416C3200008BBA /* Model */,
				2B567365215A805600295E06 /* MRCoreDataClient */,
				2BBB573C2142C39E00754515 /* PINCacheClient */,
				2BAAF0EB21416C0900008BBA /* YYCacheClient */,
				A8D11B771D9B9B1A00439B9E /* TJKeychain */,
				A8C748C31D87D01100B5F947 /* TJNetworkCache */,
				A85E56D51D82B28700273310 /* TJFMDBClient */,
				A88FC4971D816801004D74FE /* Cache */,
				A88FC47A1D8167EC004D74FE /* AppDelegate.h */,
				A88FC47B1D8167EC004D74FE /* AppDelegate.m */,
				A85E56D61D82B43900273310 /* TJExampleViewController.h */,
				A85E56D71D82B43900273310 /* TJExampleViewController.m */,
				A88FC4801D8167EC004D74FE /* Main.storyboard */,
				A88FC4831D8167EC004D74FE /* Assets.xcassets */,
				A88FC4851D8167EC004D74FE /* LaunchScreen.storyboard */,
				A88FC4881D8167EC004D74FE /* Info.plist */,
				A88FC4771D8167EC004D74FE /* Supporting Files */,
			);
			path = TJCache;
			sourceTree = "<group>";
		};
		A88FC4771D8167EC004D74FE /* Supporting Files */ = {
			isa = PBXGroup;
			children = (
				A88FC4781D8167EC004D74FE /* main.m */,
			);
			name = "Supporting Files";
			sourceTree = "<group>";
		};
		A88FC4971D816801004D74FE /* Cache */ = {
			isa = PBXGroup;
			children = (
				A88FC4981D816812004D74FE /* TJCache.h */,
				A88FC4991D816812004D74FE /* TJCache.m */,
				A88FC48E1D8167FD004D74FE /* TJUserDefaults.h */,
				A88FC48F1D8167FD004D74FE /* TJUserDefaults.m */,
				A8D64A661D98C5750001CB63 /* TJFileManager.h */,
				A8D64A671D98C5750001CB63 /* TJFileManager.m */,
				A80BF6B91D816D9C00808C9B /* TJKeyedArchive.h */,
				A80BF6BA1D816D9C00808C9B /* TJKeyedArchive.m */,
			);
			name = Cache;
			sourceTree = "<group>";
		};
		A8C748C31D87D01100B5F947 /* TJNetworkCache */ = {
			isa = PBXGroup;
			children = (
				A8C748C41D87D0BF00B5F947 /* TJNetworkCache.h */,
				A8C748C51D87D0BF00B5F947 /* TJNetworkCache.m */,
			);
			name = TJNetworkCache;
			sourceTree = "<group>";
		};
		A8D11B771D9B9B1A00439B9E /* TJKeychain */ = {
			isa = PBXGroup;
			children = (
				A8D11B781D9B9B5700439B9E /* TJKeychain.h */,
				A8D11B791D9B9B5700439B9E /* TJKeychain.m */,
			);
			name = TJKeychain;
			sourceTree = "<group>";
		};
/* End PBXGroup section */

/* Begin PBXNativeTarget section */
		A88FC4731D8167EC004D74FE /* TJCache */ = {
			isa = PBXNativeTarget;
			buildConfigurationList = A88FC48B1D8167EC004D74FE /* Build configuration list for PBXNativeTarget "TJCache" */;
			buildPhases = (
				DD650DBB257653099EA8D10C /* [CP] Check Pods Manifest.lock */,
				A88FC4701D8167EC004D74FE /* Sources */,
				A88FC4711D8167EC004D74FE /* Frameworks */,
				A88FC4721D8167EC004D74FE /* Resources */,
				0347109185CA44FB8561840A /* [CP] Copy Pods Resources */,
			);
			buildRules = (
			);
			dependencies = (
			);
			name = TJCache;
			productName = TJCache;
			productReference = A88FC4741D8167EC004D74FE /* TJCache.app */;
			productType = "com.apple.product-type.application";
		};
/* End PBXNativeTarget section */

/* Begin PBXProject section */
		A88FC46C1D8167EC004D74FE /* Project object */ = {
			isa = PBXProject;
			attributes = {
				LastUpgradeCheck = 0800;
				ORGANIZATIONNAME = "王朋涛";
				TargetAttributes = {
					A88FC4731D8167EC004D74FE = {
						CreatedOnToolsVersion = 7.3.1;
						DevelopmentTeam = DQK8L5T84R;
						LastSwiftMigration = 1000;
					};
				};
			};
			buildConfigurationList = A88FC46F1D8167EC004D74FE /* Build configuration list for PBXProject "TJCache" */;
			compatibilityVersion = "Xcode 3.2";
			developmentRegion = English;
			hasScannedForEncodings = 0;
			knownRegions = (
				en,
				Base,
			);
			mainGroup = A88FC46B1D8167EC004D74FE;
			productRefGroup = A88FC4751D8167EC004D74FE /* Products */;
			projectDirPath = "";
			projectRoot = "";
			targets = (
				A88FC4731D8167EC004D74FE /* TJCache */,
			);
		};
/* End PBXProject section */

/* Begin PBXResourcesBuildPhase section */
		A88FC4721D8167EC004D74FE /* Resources */ = {
			isa = PBXResourcesBuildPhase;
			buildActionMask = 2147483647;
			files = (
				A88FC4871D8167EC004D74FE /* LaunchScreen.storyboard in Resources */,
				A88FC4841D8167EC004D74FE /* Assets.xcassets in Resources */,
				A88FC4821D8167EC004D74FE /* Main.storyboard in Resources */,
			);
			runOnlyForDeploymentPostprocessing = 0;
		};
/* End PBXResourcesBuildPhase section */

/* Begin PBXShellScriptBuildPhase section */
		0347109185CA44FB8561840A /* [CP] Copy Pods Resources */ = {
			isa = PBXShellScriptBuildPhase;
			buildActionMask = 2147483647;
			files = (
			);
			inputPaths = (
				"${SRCROOT}/Pods/Target Support Files/Pods-TJCache/Pods-TJCache-resources.sh",
				"${PODS_ROOT}/SSKeychain/Support/SSKeychain.bundle",
			);
			name = "[CP] Copy Pods Resources";
			outputPaths = (
				"${TARGET_BUILD_DIR}/${UNLOCALIZED_RESOURCES_FOLDER_PATH}/SSKeychain.bundle",
			);
			runOnlyForDeploymentPostprocessing = 0;
			shellPath = /bin/sh;
			shellScript = "\"${SRCROOT}/Pods/Target Support Files/Pods-TJCache/Pods-TJCache-resources.sh\"\n";
			showEnvVarsInLog = 0;
		};
		DD650DBB257653099EA8D10C /* [CP] Check Pods Manifest.lock */ = {
			isa = PBXShellScriptBuildPhase;
			buildActionMask = 2147483647;
			files = (
			);
			inputPaths = (
				"${PODS_PODFILE_DIR_PATH}/Podfile.lock",
				"${PODS_ROOT}/Manifest.lock",
			);
			name = "[CP] Check Pods Manifest.lock";
			outputPaths = (
				"$(DERIVED_FILE_DIR)/Pods-TJCache-checkManifestLockResult.txt",
			);
			runOnlyForDeploymentPostprocessing = 0;
			shellPath = /bin/sh;
			shellScript = "diff \"${PODS_PODFILE_DIR_PATH}/Podfile.lock\" \"${PODS_ROOT}/Manifest.lock\" > /dev/null\nif [ $? != 0 ] ; then\n    # print error to STDERR\n    echo \"error: The sandbox is not in sync with the Podfile.lock. Run 'pod install' or update your CocoaPods installation.\" >&2\n    exit 1\nfi\n# This output is used by Xcode 'outputs' to avoid re-running this script phase.\necho \"SUCCESS\" > \"${SCRIPT_OUTPUT_FILE_0}\"\n";
			showEnvVarsInLog = 0;
		};
/* End PBXShellScriptBuildPhase section */

/* Begin PBXSourcesBuildPhase section */
		A88FC4701D8167EC004D74FE /* Sources */ = {
			isa = PBXSourcesBuildPhase;
			buildActionMask = 2147483647;
			files = (
				2B97D67C2164702A007346AE /* TJDataModel.xcdatamodeld in Sources */,
				2BAAF0F221416C5000008BBA /* PersonInfoModel.m in Sources */,
				2BAAF0F121416C5000008BBA /* PersonModel.m in Sources */,
				2BB497832163A74A00F45B7B /* PersonInfoEntity+CoreDataClass.m in Sources */,
				2BAEE8302167161000EA6FDD /* Car.m in Sources */,
				2BDB77F221421BD600F3A537 /* YYCacheDemoController.m in Sources */,
				2BBB573F2142C3E200754515 /* PINCacheDemoController.m in Sources */,
				2B97D68121647BBA007346AE /* MRCoreDataClient.m in Sources */,
				2BAEE82F2167161000EA6FDD /* People.m in Sources */,
				2BCAF9E321662AF4008F249D /* FMDBController.m in Sources */,
				A88FC4941D8167FD004D74FE /* TJUserDefaults.m in Sources */,
				A8D11B7A1D9B9B5700439B9E /* TJKeychain.m in Sources */,
				2BAEE8312167161000EA6FDD /* Pet.m in Sources */,
				2BB4977A21639D8F00F45B7B /* PersonEntity+CoreDataClass.m in Sources */,
				A88FC47C1D8167EC004D74FE /* AppDelegate.m in Sources */,
				2B567358215A7B1400295E06 /* MRCoreDataController.m in Sources */,
				A85E56D81D82B43900273310 /* TJExampleViewController.m in Sources */,
				2BDE7B21215891A600E27F78 /* YYCacheClient.m in Sources */,
				2BCAF9E621662FB7008F249D /* FMDBClient.m in Sources */,
				A80BF6BB1D816D9C00808C9B /* TJKeyedArchive.m in Sources */,
				A8C748C61D87D0BF00B5F947 /* TJNetworkCache.m in Sources */,
				2BBB57422142C4C800754515 /* PINCacheDemoManager.m in Sources */,
				2BB497842163A74A00F45B7B /* PersonInfoEntity+CoreDataProperties.m in Sources */,
				A88FC49A1D816812004D74FE /* TJCache.m in Sources */,
				2BB4977B21639D8F00F45B7B /* PersonEntity+CoreDataProperties.m in Sources */,
				A88FC4791D8167EC004D74FE /* main.m in Sources */,
				A8D64A681D98C5750001CB63 /* TJFileManager.m in Sources */,
			);
			runOnlyForDeploymentPostprocessing = 0;
		};
/* End PBXSourcesBuildPhase section */

/* Begin PBXVariantGroup section */
		A88FC4801D8167EC004D74FE /* Main.storyboard */ = {
			isa = PBXVariantGroup;
			children = (
				A88FC4811D8167EC004D74FE /* Base */,
			);
			name = Main.storyboard;
			sourceTree = "<group>";
		};
		A88FC4851D8167EC004D74FE /* LaunchScreen.storyboard */ = {
			isa = PBXVariantGroup;
			children = (
				A88FC4861D8167EC004D74FE /* Base */,
			);
			name = LaunchScreen.storyboard;
			sourceTree = "<group>";
		};
/* End PBXVariantGroup section */

/* Begin XCBuildConfiguration section */
		A88FC4891D8167EC004D74FE /* Debug */ = {
			isa = XCBuildConfiguration;
			buildSettings = {
				ALWAYS_SEARCH_USER_PATHS = NO;
				CLANG_ANALYZER_NONNULL = YES;
				CLANG_CXX_LANGUAGE_STANDARD = "gnu++0x";
				CLANG_CXX_LIBRARY = "libc++";
				CLANG_ENABLE_MODULES = YES;
				CLANG_ENABLE_OBJC_ARC = YES;
				CLANG_WARN_BOOL_CONVERSION = YES;
				CLANG_WARN_CONSTANT_CONVERSION = YES;
				CLANG_WARN_DIRECT_OBJC_ISA_USAGE = YES_ERROR;
				CLANG_WARN_EMPTY_BODY = YES;
				CLANG_WARN_ENUM_CONVERSION = YES;
				CLANG_WARN_INFINITE_RECURSION = YES;
				CLANG_WARN_INT_CONVERSION = YES;
				CLANG_WARN_OBJC_ROOT_CLASS = YES_ERROR;
				CLANG_WARN_SUSPICIOUS_MOVE = YES;
				CLANG_WARN_UNREACHABLE_CODE = YES;
				CLANG_WARN__DUPLICATE_METHOD_MATCH = YES;
				"CODE_SIGN_IDENTITY[sdk=iphoneos*]" = "iPhone Developer";
				COPY_PHASE_STRIP = NO;
				DEBUG_INFORMATION_FORMAT = dwarf;
				ENABLE_STRICT_OBJC_MSGSEND = YES;
				ENABLE_TESTABILITY = YES;
				GCC_C_LANGUAGE_STANDARD = gnu99;
				GCC_DYNAMIC_NO_PIC = NO;
				GCC_NO_COMMON_BLOCKS = YES;
				GCC_OPTIMIZATION_LEVEL = 0;
				GCC_PREPROCESSOR_DEFINITIONS = (
					"DEBUG=1",
					"$(inherited)",
				);
				GCC_WARN_64_TO_32_BIT_CONVERSION = YES;
				GCC_WARN_ABOUT_RETURN_TYPE = YES_ERROR;
				GCC_WARN_UNDECLARED_SELECTOR = YES;
				GCC_WARN_UNINITIALIZED_AUTOS = YES_AGGRESSIVE;
				GCC_WARN_UNUSED_FUNCTION = YES;
				GCC_WARN_UNUSED_VARIABLE = YES;
				IPHONEOS_DEPLOYMENT_TARGET = 9.3;
				MTL_ENABLE_DEBUG_INFO = YES;
				ONLY_ACTIVE_ARCH = YES;
				SDKROOT = iphoneos;
			};
			name = Debug;
		};
		A88FC48A1D8167EC004D74FE /* Release */ = {
			isa = XCBuildConfiguration;
			buildSettings = {
				ALWAYS_SEARCH_USER_PATHS = NO;
				CLANG_ANALYZER_NONNULL = YES;
				CLANG_CXX_LANGUAGE_STANDARD = "gnu++0x";
				CLANG_CXX_LIBRARY = "libc++";
				CLANG_ENABLE_MODULES = YES;
				CLANG_ENABLE_OBJC_ARC = YES;
				CLANG_WARN_BOOL_CONVERSION = YES;
				CLANG_WARN_CONSTANT_CONVERSION = YES;
				CLANG_WARN_DIRECT_OBJC_ISA_USAGE = YES_ERROR;
				CLANG_WARN_EMPTY_BODY = YES;
				CLANG_WARN_ENUM_CONVERSION = YES;
				CLANG_WARN_INFINITE_RECURSION = YES;
				CLANG_WARN_INT_CONVERSION = YES;
				CLANG_WARN_OBJC_ROOT_CLASS = YES_ERROR;
				CLANG_WARN_SUSPICIOUS_MOVE = YES;
				CLANG_WARN_UNREACHABLE_CODE = YES;
				CLANG_WARN__DUPLICATE_METHOD_MATCH = YES;
				"CODE_SIGN_IDENTITY[sdk=iphoneos*]" = "iPhone Developer";
				COPY_PHASE_STRIP = NO;
				DEBUG_INFORMATION_FORMAT = "dwarf-with-dsym";
				ENABLE_NS_ASSERTIONS = NO;
				ENABLE_STRICT_OBJC_MSGSEND = YES;
				GCC_C_LANGUAGE_STANDARD = gnu99;
				GCC_NO_COMMON_BLOCKS = YES;
				GCC_WARN_64_TO_32_BIT_CONVERSION = YES;
				GCC_WARN_ABOUT_RETURN_TYPE = YES_ERROR;
				GCC_WARN_UNDECLARED_SELECTOR = YES;
				GCC_WARN_UNINITIALIZED_AUTOS = YES_AGGRESSIVE;
				GCC_WARN_UNUSED_FUNCTION = YES;
				GCC_WARN_UNUSED_VARIABLE = YES;
				IPHONEOS_DEPLOYMENT_TARGET = 9.3;
				MTL_ENABLE_DEBUG_INFO = NO;
				SDKROOT = iphoneos;
				VALIDATE_PRODUCT = YES;
			};
			name = Release;
		};
		A88FC48C1D8167EC004D74FE /* Debug */ = {
			isa = XCBuildConfiguration;
			baseConfigurationReference = 4D01A2A035E500AA9A2FF6C7 /* Pods-TJCache.debug.xcconfig */;
			buildSettings = {
				ASSETCATALOG_COMPILER_APPICON_NAME = AppIcon;
				CLANG_ENABLE_MODULES = YES;
				DEVELOPMENT_TEAM = DQK8L5T84R;
				INFOPLIST_FILE = TJCache/Info.plist;
				IPHONEOS_DEPLOYMENT_TARGET = 8.0;
				LD_RUNPATH_SEARCH_PATHS = "$(inherited) @executable_path/Frameworks";
				PRODUCT_BUNDLE_IDENTIFIER = com.tjzl.TJCache;
				PRODUCT_NAME = "$(TARGET_NAME)";
				SWIFT_OBJC_BRIDGING_HEADER = "TJCache/MRCoreDataClient/TJCache-Bridging-Header.h";
				SWIFT_OPTIMIZATION_LEVEL = "-Onone";
				SWIFT_VERSION = 4.2;
			};
			name = Debug;
		};
		A88FC48D1D8167EC004D74FE /* Release */ = {
			isa = XCBuildConfiguration;
			baseConfigurationReference = 45F256CCE312D3072CFE367F /* Pods-TJCache.release.xcconfig */;
			buildSettings = {
				ASSETCATALOG_COMPILER_APPICON_NAME = AppIcon;
				CLANG_ENABLE_MODULES = YES;
				DEVELOPMENT_TEAM = DQK8L5T84R;
				INFOPLIST_FILE = TJCache/Info.plist;
				IPHONEOS_DEPLOYMENT_TARGET = 8.0;
				LD_RUNPATH_SEARCH_PATHS = "$(inherited) @executable_path/Frameworks";
				PRODUCT_BUNDLE_IDENTIFIER = com.tjzl.TJCache;
				PRODUCT_NAME = "$(TARGET_NAME)";
				SWIFT_OBJC_BRIDGING_HEADER = "TJCache/MRCoreDataClient/TJCache-Bridging-Header.h";
				SWIFT_VERSION = 4.2;
			};
			name = Release;
		};
/* End XCBuildConfiguration section */

/* Begin XCConfigurationList section */
		A88FC46F1D8167EC004D74FE /* Build configuration list for PBXProject "TJCache" */ = {
			isa = XCConfigurationList;
			buildConfigurations = (
				A88FC4891D8167EC004D74FE /* Debug */,
				A88FC48A1D8167EC004D74FE /* Release */,
			);
			defaultConfigurationIsVisible = 0;
			defaultConfigurationName = Release;
		};
		A88FC48B1D8167EC004D74FE /* Build configuration list for PBXNativeTarget "TJCache" */ = {
			isa = XCConfigurationList;
			buildConfigurations = (
				A88FC48C1D8167EC004D74FE /* Debug */,
				A88FC48D1D8167EC004D74FE /* Release */,
			);
			defaultConfigurationIsVisible = 0;
			defaultConfigurationName = Release;
		};
/* End XCConfigurationList section */

/* Begin XCVersionGroup section */
		2BB49745216384CF00F45B7B /* TJDataModel.xcdatamodeld */ = {
			isa = XCVersionGroup;
			children = (
				2BB49746216384CF00F45B7B /* TJDataModel.xcdatamodel */,
			);
			currentVersion = 2BB49746216384CF00F45B7B /* TJDataModel.xcdatamodel */;
			path = TJDataModel.xcdatamodeld;
			sourceTree = "<group>";
			versionGroupType = wrapper.xcdatamodel;
		};
/* End XCVersionGroup section */
	};
	rootObject = A88FC46C1D8167EC004D74FE /* Project object */;
}
